{
  "requires": true,
  "lockfileVersion": 1,
  "dependencies": {
    "stylelint-config-recommended": {
      "version": "3.0.0",
      "resolved": "https://registry.npmjs.org/stylelint-config-recommended/-/stylelint-config-recommended-3.0.0.tgz",
      "integrity": "sha512-F6yTRuc06xr1h5Qw/ykb2LuFynJ2IxkKfCMf+1xqPffkxh0S09Zc902XCffcsw/XMFq/OzQ1w54fLIDtmRNHnQ==",
      "dev": true
    }
  }
}
